{
  "name": "wb-front",
  "version": "1.0.0",
  "lockfileVersion": 2,
  "requires": true,
  "packages": {
    "": {
      "name": "wb-front",
      "version": "1.0.0",
      "license": "ISC",
      "dependencies": {
        "date-fns": "^2.30.0",
        "tom-select": "^2.2.2"
      }
    },
    "node_modules/@babel/runtime": {
      "version": "7.22.0",
      "resolved": "https://registry.npmjs.org/@babel/runtime/-/runtime-7.22.0.tgz",
      "integrity": "sha512-TT6NB0oszYQ4oxLNUdG+FNHIc3MohXVCKA2BeyQ4WeM2VCSC6wBZ6P0Yfkdzxv+87D8Xk0LJyHeCKlWMvpZt0g==",
      "dependencies": {
        "regenerator-runtime": "^0.13.11"
      },
      "engines": {
        "node": ">=6.9.0"
      }
    },
    "node_modules/@orchidjs/sifter": {
      "version": "1.0.3",
      "resolved": "https://registry.npmjs.org/@orchidjs/sifter/-/sifter-1.0.3.tgz",
      "integrity": "sha512-zCZbwKegHytfsPm8Amcfh7v/4vHqTAaOu6xFswBYcn8nznBOuseu6COB2ON7ez0tFV0mKL0nRNnCiZZA+lU9/g==",
      "dependencies": {
        "@orchidjs/unicode-variants": "^1.0.4"
      }
    },
    "node_modules/@orchidjs/unicode-variants": {
      "version": "1.0.4",
      "resolved": "https://registry.npmjs.org/@orchidjs/unicode-variants/-/unicode-variants-1.0.4.tgz",
      "integrity": "sha512-NvVBRnZNE+dugiXERFsET1JlKZfM5lJDEpSMilKW4bToYJ7pxf0Zne78xyXB2ny2c2aHfJ6WLnz1AaTNHAmQeQ=="
    },
    "node_modules/date-fns": {
      "version": "2.30.0",
      "resolved": "https://registry.npmjs.org/date-fns/-/date-fns-2.30.0.tgz",
      "integrity": "sha512-fnULvOpxnC5/Vg3NCiWelDsLiUc9bRwAPs/+LfTLNvetFCtCTN+yQz15C/fs4AwX1R9K5GLtLfn8QW+dWisaAw==",
      "dependencies": {
        "@babel/runtime": "^7.21.0"
      },
      "engines": {
        "node": ">=0.11"
      },
      "funding": {
        "type": "opencollective",
        "url": "https://opencollective.com/date-fns"
      }
    },
    "node_modules/regenerator-runtime": {
      "version": "0.13.11",
      "resolved": "https://registry.npmjs.org/regenerator-runtime/-/regenerator-runtime-0.13.11.tgz",
      "integrity": "sha512-kY1AZVr2Ra+t+piVaJ4gxaFaReZVH40AKNo7UCX6W+dEwBo/2oZJzqfuN1qLq1oL45o56cPaTXELwrTh8Fpggg=="
    },
    "node_modules/tom-select": {
      "version": "2.2.2",
      "resolved": "https://registry.npmjs.org/tom-select/-/tom-select-2.2.2.tgz",
      "integrity": "sha512-igGah1yY6yhrnN2h/Ky8I5muw/nE/YQxIsEZoYu5qaA4bsRibvKto3s8QZZosKpOd0uO8fNYhRfAwgHB4IAYew==",
      "dependencies": {
        "@orchidjs/sifter": "^1.0.3",
        "@orchidjs/unicode-variants": "^1.0.4"
      },
      "engines": {
        "node": "*"
      },
      "funding": {
        "type": "opencollective",
        "url": "https://opencollective.com/tom-select"
      }
    }
  },
  "dependencies": {
    "@babel/runtime": {
      "version": "7.22.0",
      "resolved": "https://registry.npmjs.org/@babel/runtime/-/runtime-7.22.0.tgz",
      "integrity": "sha512-TT6NB0oszYQ4oxLNUdG+FNHIc3MohXVCKA2BeyQ4WeM2VCSC6wBZ6P0Yfkdzxv+87D8Xk0LJyHeCKlWMvpZt0g==",
      "requires": {
        "regenerator-runtime": "^0.13.11"
      }
    },
    "@orchidjs/sifter": {
      "version": "1.0.3",
      "resolved": "https://registry.npmjs.org/@orchidjs/sifter/-/sifter-1.0.3.tgz",
      "integrity": "sha512-zCZbwKegHytfsPm8Amcfh7v/4vHqTAaOu6xFswBYcn8nznBOuseu6COB2ON7ez0tFV0mKL0nRNnCiZZA+lU9/g==",
      "requires": {
        "@orchidjs/unicode-variants": "^1.0.4"
      }
    },
    "@orchidjs/unicode-variants": {
      "version": "1.0.4",
      "resolved": "https://registry.npmjs.org/@orchidjs/unicode-variants/-/unicode-variants-1.0.4.tgz",
      "integrity": "sha512-NvVBRnZNE+dugiXERFsET1JlKZfM5lJDEpSMilKW4bToYJ7pxf0Zne78xyXB2ny2c2aHfJ6WLnz1AaTNHAmQeQ=="
    },
    "date-fns": {
      "version": "2.30.0",
      "resolved": "https://registry.npmjs.org/date-fns/-/date-fns-2.30.0.tgz",
      "integrity": "sha512-fnULvOpxnC5/Vg3NCiWelDsLiUc9bRwAPs/+LfTLNvetFCtCTN+yQz15C/fs4AwX1R9K5GLtLfn8QW+dWisaAw==",
      "requires": {
        "@babel/runtime": "^7.21.0"
      }
    },
    "regenerator-runtime": {
      "version": "0.13.11",
      "resolved": "https://registry.npmjs.org/regenerator-runtime/-/regenerator-runtime-0.13.11.tgz",
      "integrity": "sha512-kY1AZVr2Ra+t+piVaJ4gxaFaReZVH40AKNo7UCX6W+dEwBo/2oZJzqfuN1qLq1oL45o56cPaTXELwrTh8Fpggg=="
    },
    "tom-select": {
      "version": "2.2.2",
      "resolved": "https://registry.npmjs.org/tom-select/-/tom-select-2.2.2.tgz",
      "integrity": "sha512-igGah1yY6yhrnN2h/Ky8I5muw/nE/YQxIsEZoYu5qaA4bsRibvKto3s8QZZosKpOd0uO8fNYhRfAwgHB4IAYew==",
      "requires": {
        "@orchidjs/sifter": "^1.0.3",
        "@orchidjs/unicode-variants": "^1.0.4"
      }
    }
  }
}
